dependencies:
- name: kube-prometheus-stack
  repository: https://prometheus-community.github.io/helm-charts
  version: 79.6.1
- name: loki-stack
  repository: https://grafana.github.io/helm-charts
  version: 2.10.3
- name: opentelemetry-collector
  repository: https://open-telemetry.github.io/opentelemetry-helm-charts
  version: 0.140.0
- name: erp-simulator
  repository: file://charts/erp-simulator
  version: 0.1.0
digest: sha256:28aac265ea932ac863f897e766294c70ade385563318c843c34231c486ca226a
generated: "2025-11-21T15:23:18.466561+05:30"
